// !$*UTF8*$!
{
	archiveVersion = 1;
	classes = {
	};
	objectVersion = 50;
	objects = {

/* Begin PBXBuildFile section */
		C708A36F2204D1D4008C24CE /* FileController.cpp in Sources */ = {isa = PBXBuildFile; fileRef = C708A36D2204D1D4008C24CE /* FileController.cpp */; };
		C708A3732204D743008C24CE /* CrimeData.cpp in Sources */ = {isa = PBXBuildFile; fileRef = C708A3722204D743008C24CE /* CrimeData.cpp */; };
		C75A040021FF8C1F00C11913 /* Runner.cpp in Sources */ = {isa = PBXBuildFile; fileRef = C75A03FF21FF8C1F00C11913 /* Runner.cpp */; };
		C75A040321FF8C3000C11913 /* Controller.cpp in Sources */ = {isa = PBXBuildFile; fileRef = C75A040121FF8C3000C11913 /* Controller.cpp */; };
		C7786875220A15A6005A7204 /* Timer.cpp in Sources */ = {isa = PBXBuildFile; fileRef = C7786873220A15A6005A7204 /* Timer.cpp */; };
		C7786879220A25C3005A7204 /* Music.cpp in Sources */ = {isa = PBXBuildFile; fileRef = C7786878220A25C3005A7204 /* Music.cpp */; };
		C7A3DBB02214AEAB00387EFC /* LinearTester.cpp in Sources */ = {isa = PBXBuildFile; fileRef = C7A3DBAE2214AEAB00387EFC /* LinearTester.cpp */; };
/* End PBXBuildFile section */

/* Begin PBXCopyFilesBuildPhase section */
		C75A03EF21FF8B3200C11913 /* CopyFiles */ = {
			isa = PBXCopyFilesBuildPhase;
			buildActionMask = 2147483647;
			dstPath = /usr/share/man/man1/;
			dstSubfolderSpec = 0;
			files = (
			);
			runOnlyForDeploymentPostprocessing = 1;
		};
/* End PBXCopyFilesBuildPhase section */

/* Begin PBXFileReference section */
		C708A36D2204D1D4008C24CE /* FileController.cpp */ = {isa = PBXFileReference; lastKnownFileType = sourcecode.cpp.cpp; path = FileController.cpp; sourceTree = "<group>"; };
		C708A36E2204D1D4008C24CE /* FileController.hpp */ = {isa = PBXFileReference; lastKnownFileType = sourcecode.cpp.h; path = FileController.hpp; sourceTree = "<group>"; };
		C708A3712204D727008C24CE /* crime.csv */ = {isa = PBXFileReference; fileEncoding = 4; lastKnownFileType = text; path = crime.csv; sourceTree = "<group>"; };
		C708A3722204D743008C24CE /* CrimeData.cpp */ = {isa = PBXFileReference; fileEncoding = 4; lastKnownFileType = sourcecode.cpp.cpp; path = CrimeData.cpp; sourceTree = "<group>"; };
		C708A3742204D761008C24CE /* CrimeData.hpp */ = {isa = PBXFileReference; fileEncoding = 4; lastKnownFileType = sourcecode.cpp.h; path = CrimeData.hpp; sourceTree = "<group>"; };
		C708A3752204DBD7008C24CE /* List.hpp */ = {isa = PBXFileReference; lastKnownFileType = sourcecode.cpp.h; path = List.hpp; sourceTree = "<group>"; };
		C75A03F121FF8B3200C11913 /* DataStructures */ = {isa = PBXFileReference; explicitFileType = "compiled.mach-o.executable"; includeInIndex = 0; path = DataStructures; sourceTree = BUILT_PRODUCTS_DIR; };
		C75A03FF21FF8C1F00C11913 /* Runner.cpp */ = {isa = PBXFileReference; lastKnownFileType = sourcecode.cpp.cpp; path = Runner.cpp; sourceTree = "<group>"; };
		C75A040121FF8C3000C11913 /* Controller.cpp */ = {isa = PBXFileReference; lastKnownFileType = sourcecode.cpp.cpp; path = Controller.cpp; sourceTree = "<group>"; };
		C75A040221FF8C3000C11913 /* Controller.hpp */ = {isa = PBXFileReference; lastKnownFileType = sourcecode.cpp.h; path = Controller.hpp; sourceTree = "<group>"; };
		C75A040421FF912B00C11913 /* Node.hpp */ = {isa = PBXFileReference; lastKnownFileType = sourcecode.cpp.h; path = Node.hpp; sourceTree = "<group>"; };
		C7786873220A15A6005A7204 /* Timer.cpp */ = {isa = PBXFileReference; lastKnownFileType = sourcecode.cpp.cpp; path = Timer.cpp; sourceTree = "<group>"; };
		C7786874220A15A6005A7204 /* Timer.hpp */ = {isa = PBXFileReference; lastKnownFileType = sourcecode.cpp.h; path = Timer.hpp; sourceTree = "<group>"; };
		C7786877220A2560005A7204 /* Music.hpp */ = {isa = PBXFileReference; lastKnownFileType = sourcecode.cpp.h; path = Music.hpp; sourceTree = "<group>"; };
		C7786878220A25C3005A7204 /* Music.cpp */ = {isa = PBXFileReference; fileEncoding = 4; lastKnownFileType = sourcecode.cpp.cpp; path = Music.cpp; sourceTree = "<group>"; };
		C78B685D220232FA0032F4EC /* LinearNode.hpp */ = {isa = PBXFileReference; lastKnownFileType = sourcecode.cpp.h; path = LinearNode.hpp; sourceTree = "<group>"; };
		C78B685F22023A790032F4EC /* Array.hpp */ = {isa = PBXFileReference; lastKnownFileType = sourcecode.cpp.h; path = Array.hpp; sourceTree = "<group>"; };
		C7A3DBAC2214A7A200387EFC /* Queue.hpp */ = {isa = PBXFileReference; lastKnownFileType = sourcecode.cpp.h; path = Queue.hpp; sourceTree = "<group>"; };
		C7A3DBAE2214AEAB00387EFC /* LinearTester.cpp */ = {isa = PBXFileReference; lastKnownFileType = sourcecode.cpp.cpp; path = LinearTester.cpp; sourceTree = "<group>"; };
		C7A3DBAF2214AEAB00387EFC /* LinearTester.hpp */ = {isa = PBXFileReference; lastKnownFileType = sourcecode.cpp.h; path = LinearTester.hpp; sourceTree = "<group>"; };
		C7DE29CF220CC78400FC23DC /* LinkedList.hpp */ = {isa = PBXFileReference; lastKnownFileType = sourcecode.cpp.h; path = LinkedList.hpp; sourceTree = "<group>"; };
		C7F00D7022120D8A00F6F1CA /* Stack.hpp */ = {isa = PBXFileReference; lastKnownFileType = sourcecode.cpp.h; path = Stack.hpp; sourceTree = "<group>"; };
/* End PBXFileReference section */

/* Begin PBXFrameworksBuildPhase section */
		C75A03EE21FF8B3200C11913 /* Frameworks */ = {
			isa = PBXFrameworksBuildPhase;
			buildActionMask = 2147483647;
			files = (
			);
			runOnlyForDeploymentPostprocessing = 0;
		};
/* End PBXFrameworksBuildPhase section */

/* Begin PBXGroup section */
		C708A3702204D6DE008C24CE /* Data */ = {
			isa = PBXGroup;
			children = (
				C7786876220A24FD005A7204 /* Music */,
				C708A3742204D761008C24CE /* CrimeData.hpp */,
				C708A3722204D743008C24CE /* CrimeData.cpp */,
				C708A3712204D727008C24CE /* crime.csv */,
			);
			path = Data;
			sourceTree = "<group>";
		};
		C75A03E821FF8B3200C11913 = {
			isa = PBXGroup;
			children = (
				C75A03F321FF8B3200C11913 /* DataStructures */,
				C75A03F221FF8B3200C11913 /* Products */,
			);
			sourceTree = "<group>";
		};
		C75A03F221FF8B3200C11913 /* Products */ = {
			isa = PBXGroup;
			children = (
				C75A03F121FF8B3200C11913 /* DataStructures */,
			);
			name = Products;
			sourceTree = "<group>";
		};
		C75A03F321FF8B3200C11913 /* DataStructures */ = {
			isa = PBXGroup;
			children = (
				C7A3DBAD2214AE5E00387EFC /* Testers */,
				C708A3702204D6DE008C24CE /* Data */,
				C78B685922022DD80032F4EC /* Model */,
				C78B685B22022E030032F4EC /* Controller */,
				C75A03FE21FF8BCB00C11913 /* Resources */,
			);
			path = DataStructures;
			sourceTree = "<group>";
		};
		C75A03FE21FF8BCB00C11913 /* Resources */ = {
			isa = PBXGroup;
			children = (
			);
			path = Resources;
			sourceTree = "<group>";
		};
		C7786872220A14CE005A7204 /* Tools */ = {
			isa = PBXGroup;
			children = (
				C7786873220A15A6005A7204 /* Timer.cpp */,
				C7786874220A15A6005A7204 /* Timer.hpp */,
			);
			path = Tools;
			sourceTree = "<group>";
		};
		C7786876220A24FD005A7204 /* Music */ = {
			isa = PBXGroup;
			children = (
				C7786878220A25C3005A7204 /* Music.cpp */,
				C7786877220A2560005A7204 /* Music.hpp */,
			);
			path = Music;
			sourceTree = "<group>";
		};
		C78B685922022DD80032F4EC /* Model */ = {
			isa = PBXGroup;
			children = (
				C78B685E22023A010032F4EC /* Linear */,
				C78B685A22022DE60032F4EC /* Nodes */,
			);
			path = Model;
			sourceTree = "<group>";
		};
		C78B685A22022DE60032F4EC /* Nodes */ = {
			isa = PBXGroup;
			children = (
				C75A040421FF912B00C11913 /* Node.hpp */,
				C78B685D220232FA0032F4EC /* LinearNode.hpp */,
			);
			path = Nodes;
			sourceTree = "<group>";
		};
		C78B685B22022E030032F4EC /* Controller */ = {
			isa = PBXGroup;
			children = (
				C7786872220A14CE005A7204 /* Tools */,
				C75A03FF21FF8C1F00C11913 /* Runner.cpp */,
				C75A040121FF8C3000C11913 /* Controller.cpp */,
				C75A040221FF8C3000C11913 /* Controller.hpp */,
				C708A36D2204D1D4008C24CE /* FileController.cpp */,
				C708A36E2204D1D4008C24CE /* FileController.hpp */,
			);
			path = Controller;
			sourceTree = "<group>";
		};
		C78B685E22023A010032F4EC /* Linear */ = {
			isa = PBXGroup;
			children = (
				C78B685F22023A790032F4EC /* Array.hpp */,
				C708A3752204DBD7008C24CE /* List.hpp */,
				C7DE29CF220CC78400FC23DC /* LinkedList.hpp */,
				C7F00D7022120D8A00F6F1CA /* Stack.hpp */,
				C7A3DBAC2214A7A200387EFC /* Queue.hpp */,
			);
			path = Linear;
			sourceTree = "<group>";
		};
		C7A3DBAD2214AE5E00387EFC /* Testers */ = {
			isa = PBXGroup;
			children = (
				C7A3DBAE2214AEAB00387EFC /* LinearTester.cpp */,
				C7A3DBAF2214AEAB00387EFC /* LinearTester.hpp */,
			);
			path = Testers;
			sourceTree = "<group>";
		};
/* End PBXGroup section */

/* Begin PBXNativeTarget section */
		C75A03F021FF8B3200C11913 /* DataStructures */ = {
			isa = PBXNativeTarget;
			buildConfigurationList = C75A03F821FF8B3200C11913 /* Build configuration list for PBXNativeTarget "DataStructures" */;
			buildPhases = (
				C75A03ED21FF8B3200C11913 /* Sources */,
				C75A03EE21FF8B3200C11913 /* Frameworks */,
				C75A03EF21FF8B3200C11913 /* CopyFiles */,
			);
			buildRules = (
			);
			dependencies = (
			);
			name = DataStructures;
			productName = DataStructures;
			productReference = C75A03F121FF8B3200C11913 /* DataStructures */;
			productType = "com.apple.product-type.tool";
		};
/* End PBXNativeTarget section */

/* Begin PBXProject section */
		C75A03E921FF8B3200C11913 /* Project object */ = {
			isa = PBXProject;
			attributes = {
				LastUpgradeCheck = 1000;
				ORGANIZATIONNAME = CTEC;
				TargetAttributes = {
					C75A03F021FF8B3200C11913 = {
						CreatedOnToolsVersion = 10.0;
					};
				};
			};
			buildConfigurationList = C75A03EC21FF8B3200C11913 /* Build configuration list for PBXProject "DataStructures" */;
			compatibilityVersion = "Xcode 9.3";
			developmentRegion = en;
			hasScannedForEncodings = 0;
			knownRegions = (
				en,
			);
			mainGroup = C75A03E821FF8B3200C11913;
			productRefGroup = C75A03F221FF8B3200C11913 /* Products */;
			projectDirPath = "";
			projectRoot = "";
			targets = (
				C75A03F021FF8B3200C11913 /* DataStructures */,
			);
		};
/* End PBXProject section */

/* Begin PBXSourcesBuildPhase section */
		C75A03ED21FF8B3200C11913 /* Sources */ = {
			isa = PBXSourcesBuildPhase;
			buildActionMask = 2147483647;
			files = (
				C708A3732204D743008C24CE /* CrimeData.cpp in Sources */,
				C75A040021FF8C1F00C11913 /* Runner.cpp in Sources */,
				C75A040321FF8C3000C11913 /* Controller.cpp in Sources */,
				C7786879220A25C3005A7204 /* Music.cpp in Sources */,
				C7786875220A15A6005A7204 /* Timer.cpp in Sources */,
				C708A36F2204D1D4008C24CE /* FileController.cpp in Sources */,
				C7A3DBB02214AEAB00387EFC /* LinearTester.cpp in Sources */,
			);
			runOnlyForDeploymentPostprocessing = 0;
		};
/* End PBXSourcesBuildPhase section */

/* Begin XCBuildConfiguration section */
		C75A03F621FF8B3200C11913 /* Debug */ = {
			isa = XCBuildConfiguration;
			buildSettings = {
				ALWAYS_SEARCH_USER_PATHS = NO;
				CLANG_ANALYZER_NONNULL = YES;
				CLANG_ANALYZER_NUMBER_OBJECT_CONVERSION = YES_AGGRESSIVE;
				CLANG_CXX_LANGUAGE_STANDARD = "gnu++14";
				CLANG_CXX_LIBRARY = "libc++";
				CLANG_ENABLE_MODULES = YES;
				CLANG_ENABLE_OBJC_ARC = YES;
				CLANG_ENABLE_OBJC_WEAK = YES;
				CLANG_WARN_BLOCK_CAPTURE_AUTORELEASING = YES;
				CLANG_WARN_BOOL_CONVERSION = YES;
				CLANG_WARN_COMMA = YES;
				CLANG_WARN_CONSTANT_CONVERSION = YES;
				CLANG_WARN_DEPRECATED_OBJC_IMPLEMENTATIONS = YES;
				CLANG_WARN_DIRECT_OBJC_ISA_USAGE = YES_ERROR;
				CLANG_WARN_DOCUMENTATION_COMMENTS = YES;
				CLANG_WARN_EMPTY_BODY = YES;
				CLANG_WARN_ENUM_CONVERSION = YES;
				CLANG_WARN_INFINITE_RECURSION = YES;
				CLANG_WARN_INT_CONVERSION = YES;
				CLANG_WARN_NON_LITERAL_NULL_CONVERSION = YES;
				CLANG_WARN_OBJC_IMPLICIT_RETAIN_SELF = YES;
				CLANG_WARN_OBJC_LITERAL_CONVERSION = YES;
				CLANG_WARN_OBJC_ROOT_CLASS = YES_ERROR;
				CLANG_WARN_RANGE_LOOP_ANALYSIS = YES;
				CLANG_WARN_STRICT_PROTOTYPES = YES;
				CLANG_WARN_SUSPICIOUS_MOVE = YES;
				CLANG_WARN_UNGUARDED_AVAILABILITY = YES_AGGRESSIVE;
				CLANG_WARN_UNREACHABLE_CODE = YES;
				CLANG_WARN__DUPLICATE_METHOD_MATCH = YES;
				CODE_SIGN_IDENTITY = "-";
				COPY_PHASE_STRIP = NO;
				DEBUG_INFORMATION_FORMAT = dwarf;
				ENABLE_STRICT_OBJC_MSGSEND = YES;
				ENABLE_TESTABILITY = YES;
				GCC_C_LANGUAGE_STANDARD = gnu11;
				GCC_DYNAMIC_NO_PIC = NO;
				GCC_NO_COMMON_BLOCKS = YES;
				GCC_OPTIMIZATION_LEVEL = 0;
				GCC_PREPROCESSOR_DEFINITIONS = (
					"DEBUG=1",
					"$(inherited)",
				);
				GCC_WARN_64_TO_32_BIT_CONVERSION = YES;
				GCC_WARN_ABOUT_RETURN_TYPE = YES_ERROR;
				GCC_WARN_UNDECLARED_SELECTOR = YES;
				GCC_WARN_UNINITIALIZED_AUTOS = YES_AGGRESSIVE;
				GCC_WARN_UNUSED_FUNCTION = YES;
				GCC_WARN_UNUSED_VARIABLE = YES;
				MACOSX_DEPLOYMENT_TARGET = 10.13;
				MTL_ENABLE_DEBUG_INFO = INCLUDE_SOURCE;
				MTL_FAST_MATH = YES;
				ONLY_ACTIVE_ARCH = YES;
				SDKROOT = macosx;
			};
			name = Debug;
		};
		C75A03F721FF8B3200C11913 /* Release */ = {
			isa = XCBuildConfiguration;
			buildSettings = {
				ALWAYS_SEARCH_USER_PATHS = NO;
				CLANG_ANALYZER_NONNULL = YES;
				CLANG_ANALYZER_NUMBER_OBJECT_CONVERSION = YES_AGGRESSIVE;
				CLANG_CXX_LANGUAGE_STANDARD = "gnu++14";
				CLANG_CXX_LIBRARY = "libc++";
				CLANG_ENABLE_MODULES = YES;
				CLANG_ENABLE_OBJC_ARC = YES;
				CLANG_ENABLE_OBJC_WEAK = YES;
				CLANG_WARN_BLOCK_CAPTURE_AUTORELEASING = YES;
				CLANG_WARN_BOOL_CONVERSION = YES;
				CLANG_WARN_COMMA = YES;
				CLANG_WARN_CONSTANT_CONVERSION = YES;
				CLANG_WARN_DEPRECATED_OBJC_IMPLEMENTATIONS = YES;
				CLANG_WARN_DIRECT_OBJC_ISA_USAGE = YES_ERROR;
				CLANG_WARN_DOCUMENTATION_COMMENTS = YES;
				CLANG_WARN_EMPTY_BODY = YES;
				CLANG_WARN_ENUM_CONVERSION = YES;
				CLANG_WARN_INFINITE_RECURSION = YES;
				CLANG_WARN_INT_CONVERSION = YES;
				CLANG_WARN_NON_LITERAL_NULL_CONVERSION = YES;
				CLANG_WARN_OBJC_IMPLICIT_RETAIN_SELF = YES;
				CLANG_WARN_OBJC_LITERAL_CONVERSION = YES;
				CLANG_WARN_OBJC_ROOT_CLASS = YES_ERROR;
				CLANG_WARN_RANGE_LOOP_ANALYSIS = YES;
				CLANG_WARN_STRICT_PROTOTYPES = YES;
				CLANG_WARN_SUSPICIOUS_MOVE = YES;
				CLANG_WARN_UNGUARDED_AVAILABILITY = YES_AGGRESSIVE;
				CLANG_WARN_UNREACHABLE_CODE = YES;
				CLANG_WARN__DUPLICATE_METHOD_MATCH = YES;
				CODE_SIGN_IDENTITY = "-";
				COPY_PHASE_STRIP = NO;
				DEBUG_INFORMATION_FORMAT = "dwarf-with-dsym";
				ENABLE_NS_ASSERTIONS = NO;
				ENABLE_STRICT_OBJC_MSGSEND = YES;
				GCC_C_LANGUAGE_STANDARD = gnu11;
				GCC_NO_COMMON_BLOCKS = YES;
				GCC_WARN_64_TO_32_BIT_CONVERSION = YES;
				GCC_WARN_ABOUT_RETURN_TYPE = YES_ERROR;
				GCC_WARN_UNDECLARED_SELECTOR = YES;
				GCC_WARN_UNINITIALIZED_AUTOS = YES_AGGRESSIVE;
				GCC_WARN_UNUSED_FUNCTION = YES;
				GCC_WARN_UNUSED_VARIABLE = YES;
				MACOSX_DEPLOYMENT_TARGET = 10.13;
				MTL_ENABLE_DEBUG_INFO = NO;
				MTL_FAST_MATH = YES;
				SDKROOT = macosx;
			};
			name = Release;
		};
		C75A03F921FF8B3200C11913 /* Debug */ = {
			isa = XCBuildConfiguration;
			buildSettings = {
				CODE_SIGN_IDENTITY = "-";
				CODE_SIGN_STYLE = Automatic;
				DEVELOPMENT_TEAM = "";
				PRODUCT_NAME = "$(TARGET_NAME)";
				PROVISIONING_PROFILE_SPECIFIER = "";
			};
			name = Debug;
		};
		C75A03FA21FF8B3200C11913 /* Release */ = {
			isa = XCBuildConfiguration;
			buildSettings = {
				CODE_SIGN_IDENTITY = "-";
				CODE_SIGN_STYLE = Automatic;
				DEVELOPMENT_TEAM = "";
				PRODUCT_NAME = "$(TARGET_NAME)";
				PROVISIONING_PROFILE_SPECIFIER = "";
			};
			name = Release;
		};
/* End XCBuildConfiguration section */

/* Begin XCConfigurationList section */
		C75A03EC21FF8B3200C11913 /* Build configuration list for PBXProject "DataStructures" */ = {
			isa = XCConfigurationList;
			buildConfigurations = (
				C75A03F621FF8B3200C11913 /* Debug */,
				C75A03F721FF8B3200C11913 /* Release */,
			);
			defaultConfigurationIsVisible = 0;
			defaultConfigurationName = Release;
		};
		C75A03F821FF8B3200C11913 /* Build configuration list for PBXNativeTarget "DataStructures" */ = {
			isa = XCConfigurationList;
			buildConfigurations = (
				C75A03F921FF8B3200C11913 /* Debug */,
				C75A03FA21FF8B3200C11913 /* Release */,
			);
			defaultConfigurationIsVisible = 0;
			defaultConfigurationName = Release;
		};
/* End XCConfigurationList section */
	};
	rootObject = C75A03E921FF8B3200C11913 /* Project object */;
}
